// !$*UTF8*$!
{
	archiveVersion = 1;
	classes = {
	};
	objectVersion = 46;
	objects = {

/* Begin PBXBuildFile section */
		271670F414E368C1002950D8 /* ResourcePath.cpp in Sources */ = {isa = PBXBuildFile; fileRef = 271670F314E368C1002950D8 /* ResourcePath.cpp */; };
		271670F814E36BA7002950D8 /* cute_image.jpg in Resources */ = {isa = PBXBuildFile; fileRef = 271670F514E36BA7002950D8 /* cute_image.jpg */; };
		271670F914E36BA7002950D8 /* nice_music.ogg in Resources */ = {isa = PBXBuildFile; fileRef = 271670F614E36BA7002950D8 /* nice_music.ogg */; };
		271670FA14E36BA7002950D8 /* sansation.ttf in Resources */ = {isa = PBXBuildFile; fileRef = 271670F714E36BA7002950D8 /* sansation.ttf */; };
		2716710114E5EC26002950D8 /* libpython2.7.dylib in Frameworks */ = {isa = PBXBuildFile; fileRef = 2716710014E5EC26002950D8 /* libpython2.7.dylib */; };
		273DDA8114DF06E300656874 /* Foundation.framework in Frameworks */ = {isa = PBXBuildFile; fileRef = 273DDA8014DF06E300656874 /* Foundation.framework */; };
		273DDA8414DF06E300656874 /* main.cpp in Sources */ = {isa = PBXBuildFile; fileRef = 273DDA8314DF06E300656874 /* main.cpp */; };
		273DDA8614DF06E300656874 /* ResourcePath.mm in Sources */ = {isa = PBXBuildFile; fileRef = 273DDA8514DF06E300656874 /* ResourcePath.mm */; };
		273DDA9314DF06E300656874 /* InfoPlist.strings in Resources */ = {isa = PBXBuildFile; fileRef = 273DDA9114DF06E300656874 /* InfoPlist.strings */; };
		273DDADF14DF14E500656874 /* Cocoa.framework in Frameworks */ = {isa = PBXBuildFile; fileRef = 273DDADE14DF14E500656874 /* Cocoa.framework */; };
		27927AA614E23A3F00629403 /* Editor.cpp in Sources */ = {isa = PBXBuildFile; fileRef = 27927AA514E23A3F00629403 /* Editor.cpp */; };
/* End PBXBuildFile section */

/* Begin PBXFileReference section */
		271670F314E368C1002950D8 /* ResourcePath.cpp */ = {isa = PBXFileReference; fileEncoding = 4; lastKnownFileType = sourcecode.cpp.cpp; path = ResourcePath.cpp; sourceTree = "<group>"; };
		271670F514E36BA7002950D8 /* cute_image.jpg */ = {isa = PBXFileReference; lastKnownFileType = image.jpeg; name = cute_image.jpg; path = Resources/cute_image.jpg; sourceTree = SOURCE_ROOT; };
		271670F614E36BA7002950D8 /* nice_music.ogg */ = {isa = PBXFileReference; lastKnownFileType = file; name = nice_music.ogg; path = Resources/nice_music.ogg; sourceTree = SOURCE_ROOT; };
		271670F714E36BA7002950D8 /* sansation.ttf */ = {isa = PBXFileReference; lastKnownFileType = file; name = sansation.ttf; path = Resources/sansation.ttf; sourceTree = SOURCE_ROOT; };
		2716710014E5EC26002950D8 /* libpython2.7.dylib */ = {isa = PBXFileReference; lastKnownFileType = "compiled.mach-o.dylib"; name = libpython2.7.dylib; path = usr/lib/libpython2.7.dylib; sourceTree = SDKROOT; };
		273DDA7C14DF06E300656874 /* Editor.app */ = {isa = PBXFileReference; explicitFileType = wrapper.application; includeInIndex = 0; path = Editor.app; sourceTree = BUILT_PRODUCTS_DIR; };
		273DDA8014DF06E300656874 /* Foundation.framework */ = {isa = PBXFileReference; lastKnownFileType = wrapper.framework; name = Foundation.framework; path = System/Library/Frameworks/Foundation.framework; sourceTree = SDKROOT; };
		273DDA8314DF06E300656874 /* main.cpp */ = {isa = PBXFileReference; lastKnownFileType = sourcecode.cpp.cpp; path = main.cpp; sourceTree = "<group>"; };
		273DDA8514DF06E300656874 /* ResourcePath.mm */ = {isa = PBXFileReference; lastKnownFileType = sourcecode.cpp.objcpp; path = ResourcePath.mm; sourceTree = "<group>"; };
		273DDA8714DF06E300656874 /* ResourcePath.hpp */ = {isa = PBXFileReference; lastKnownFileType = sourcecode.cpp.h; path = ResourcePath.hpp; sourceTree = "<group>"; };
		273DDA9014DF06E300656874 /* Editor-Info.plist */ = {isa = PBXFileReference; lastKnownFileType = text.plist.xml; path = "Editor-Info.plist"; sourceTree = "<group>"; };
		273DDA9214DF06E300656874 /* en */ = {isa = PBXFileReference; lastKnownFileType = text.plist.strings; name = en; path = en.lproj/InfoPlist.strings; sourceTree = "<group>"; };
		273DDADE14DF14E500656874 /* Cocoa.framework */ = {isa = PBXFileReference; lastKnownFileType = wrapper.framework; name = Cocoa.framework; path = System/Library/Frameworks/Cocoa.framework; sourceTree = SDKROOT; };
		27927AA514E23A3F00629403 /* Editor.cpp */ = {isa = PBXFileReference; fileEncoding = 4; lastKnownFileType = sourcecode.cpp.cpp; path = Editor.cpp; sourceTree = "<group>"; };
		27927AA814E23A6300629403 /* Editor.hpp */ = {isa = PBXFileReference; fileEncoding = 4; lastKnownFileType = sourcecode.cpp.h; path = Editor.hpp; sourceTree = "<group>"; };
/* End PBXFileReference section */

/* Begin PBXFrameworksBuildPhase section */
		273DDA7914DF06E300656874 /* Frameworks */ = {
			isa = PBXFrameworksBuildPhase;
			buildActionMask = 2147483647;
			files = (
				2716710114E5EC26002950D8 /* libpython2.7.dylib in Frameworks */,
				273DDADF14DF14E500656874 /* Cocoa.framework in Frameworks */,
				273DDA8114DF06E300656874 /* Foundation.framework in Frameworks */,
			);
			runOnlyForDeploymentPostprocessing = 0;
		};
/* End PBXFrameworksBuildPhase section */

/* Begin PBXGroup section */
		273DDA7014DF06E300656874 = {
			isa = PBXGroup;
			children = (
				2716710014E5EC26002950D8 /* libpython2.7.dylib */,
				273DDA8214DF06E300656874 /* Editor */,
				273DDA7F14DF06E300656874 /* Frameworks */,
				273DDA7D14DF06E300656874 /* Products */,
			);
			sourceTree = "<group>";
		};
		273DDA7D14DF06E300656874 /* Products */ = {
			isa = PBXGroup;
			children = (
				273DDA7C14DF06E300656874 /* Editor.app */,
			);
			name = Products;
			sourceTree = "<group>";
		};
		273DDA7F14DF06E300656874 /* Frameworks */ = {
			isa = PBXGroup;
			children = (
				273DDADE14DF14E500656874 /* Cocoa.framework */,
				273DDA8014DF06E300656874 /* Foundation.framework */,
			);
			name = Frameworks;
			sourceTree = "<group>";
		};
		273DDA8214DF06E300656874 /* Editor */ = {
			isa = PBXGroup;
			children = (
				273DDA8314DF06E300656874 /* main.cpp */,
				27927AA814E23A6300629403 /* Editor.hpp */,
				27927AA514E23A3F00629403 /* Editor.cpp */,
				273DDA8514DF06E300656874 /* ResourcePath.mm */,
				271670F314E368C1002950D8 /* ResourcePath.cpp */,
				273DDA8714DF06E300656874 /* ResourcePath.hpp */,
				273DDA8814DF06E300656874 /* Resources */,
				273DDA8F14DF06E300656874 /* Supporting Files */,
			);
			path = Editor;
			sourceTree = "<group>";
		};
		273DDA8814DF06E300656874 /* Resources */ = {
			isa = PBXGroup;
			children = (
				271670F514E36BA7002950D8 /* cute_image.jpg */,
				271670F614E36BA7002950D8 /* nice_music.ogg */,
				271670F714E36BA7002950D8 /* sansation.ttf */,
			);
			name = Resources;
			sourceTree = "<group>";
		};
		273DDA8F14DF06E300656874 /* Supporting Files */ = {
			isa = PBXGroup;
			children = (
				273DDA9014DF06E300656874 /* Editor-Info.plist */,
				273DDA9114DF06E300656874 /* InfoPlist.strings */,
			);
			name = "Supporting Files";
			sourceTree = "<group>";
		};
/* End PBXGroup section */

/* Begin PBXNativeTarget section */
		273DDA7B14DF06E300656874 /* Editor */ = {
			isa = PBXNativeTarget;
			buildConfigurationList = 273DDA9614DF06E300656874 /* Build configuration list for PBXNativeTarget "Editor" */;
			buildPhases = (
				273DDA7714DF06E300656874 /* ShellScript */,
				273DDA7814DF06E300656874 /* Sources */,
				273DDA7914DF06E300656874 /* Frameworks */,
				273DDA7A14DF06E300656874 /* Resources */,
			);
			buildRules = (
			);
			dependencies = (
			);
			name = Editor;
			productName = Editor;
			productReference = 273DDA7C14DF06E300656874 /* Editor.app */;
			productType = "com.apple.product-type.application";
		};
/* End PBXNativeTarget section */

/* Begin PBXProject section */
		273DDA7214DF06E300656874 /* Project object */ = {
			isa = PBXProject;
			attributes = {
				LastUpgradeCheck = 0420;
				ORGANIZATIONNAME = "Franklin W. Olin College of Engineering";
			};
			buildConfigurationList = 273DDA7514DF06E300656874 /* Build configuration list for PBXProject "Editor" */;
			compatibilityVersion = "Xcode 3.2";
			developmentRegion = English;
			hasScannedForEncodings = 0;
			knownRegions = (
				en,
			);
			mainGroup = 273DDA7014DF06E300656874;
			productRefGroup = 273DDA7D14DF06E300656874 /* Products */;
			projectDirPath = "";
			projectRoot = "";
			targets = (
				273DDA7B14DF06E300656874 /* Editor */,
			);
		};
/* End PBXProject section */

/* Begin PBXResourcesBuildPhase section */
		273DDA7A14DF06E300656874 /* Resources */ = {
			isa = PBXResourcesBuildPhase;
			buildActionMask = 2147483647;
			files = (
				273DDA9314DF06E300656874 /* InfoPlist.strings in Resources */,
				271670F814E36BA7002950D8 /* cute_image.jpg in Resources */,
				271670F914E36BA7002950D8 /* nice_music.ogg in Resources */,
				271670FA14E36BA7002950D8 /* sansation.ttf in Resources */,
			);
			runOnlyForDeploymentPostprocessing = 0;
		};
/* End PBXResourcesBuildPhase section */

/* Begin PBXShellScriptBuildPhase section */
		273DDA7714DF06E300656874 /* ShellScript */ = {
			isa = PBXShellScriptBuildPhase;
			buildActionMask = 2147483647;
			files = (
			);
			inputPaths = (
			);
			outputPaths = (
			);
			runOnlyForDeploymentPostprocessing = 0;
			shellPath = /bin/sh;
			shellScript = "# This shell script simply copies required sfml dylibs/frameworks into the application bundle frameworks folder.\n# If you're using static libraries (which is not recommended) you should remove this script from your project.\n\n# Are we building a project that uses framework or dylibs ?\nif [ $SFML_LINK_PREFIX = $SFML_LINK_FRAMEWORKS_PREFIX ]\nthen\n    frameworks=1\nelse\n    frameworks=0\nfi\n\nrequire () # $1 is a SFML module like 'system' or 'audio'\n{\n    dest=$BUILT_PRODUCTS_DIR/$PRODUCT_NAME.app/Contents/Frameworks\n    \n    if [ -z $1 ]\n    then\n        echo \"no parameter! ERROR!\"\n        exit\n    else\n        # clean potentially old stuff\n        rm -f $dest/libsfml-$1.2.dylib\n        rm -f $dest/libsfml-$1-d.2.dylib\n        rm -fr $dest/sfml-$1.framework\n    \n        # copy SFML libraries\n        if [ $frameworks ]\n        then\n            ditto /Library/Frameworks/sfml-$1.framework $dest/sfml-$1.framework\n        elif [ $CONFIGURATION = \"Debug\" ]\n        then\n            ditto /usr/local/lib/libsfml-$1-d.2.dylib $dest/libsfml-$1-d.2.dylib\n        else\n            ditto /usr/local/lib/libsfml-$1.2.dylib $dest/libsfml-$1.2.dylib\n        fi\n        \n        if [ $1 = \"audio\" ]\n        then\n            # copy sndfile framework too\n            ditto /Library/Frameworks/sndfile.framework $dest/sndfile.framework\n        fi\n    fi\n}\n\nif [ -n \"$SFML_SYSTEM\" ]\nthen\n    require \"system\"\nfi\n\nif [ -n \"$SFML_AUDIO\" ]\nthen\n    require \"audio\"\nfi\n\nif [ -n \"$SFML_NETWORK\" ]\nthen\n    require \"network\"\nfi\n\nif [ -n \"$SFML_WINDOW\" ]\nthen\n    require \"window\"\nfi\n\nif [ -n \"$SFML_GRAPHICS\" ]\nthen\n    require \"graphics\"\nfi\n\t\t\t\t\t";
		};
/* End PBXShellScriptBuildPhase section */

/* Begin PBXSourcesBuildPhase section */
		273DDA7814DF06E300656874 /* Sources */ = {
			isa = PBXSourcesBuildPhase;
			buildActionMask = 2147483647;
			files = (
				273DDA8414DF06E300656874 /* main.cpp in Sources */,
				273DDA8614DF06E300656874 /* ResourcePath.mm in Sources */,
				27927AA614E23A3F00629403 /* Editor.cpp in Sources */,
				271670F414E368C1002950D8 /* ResourcePath.cpp in Sources */,
			);
			runOnlyForDeploymentPostprocessing = 0;
		};
/* End PBXSourcesBuildPhase section */

/* Begin PBXVariantGroup section */
		273DDA9114DF06E300656874 /* InfoPlist.strings */ = {
			isa = PBXVariantGroup;
			children = (
				273DDA9214DF06E300656874 /* en */,
			);
			name = InfoPlist.strings;
			sourceTree = "<group>";
		};
/* End PBXVariantGroup section */

/* Begin XCBuildConfiguration section */
		273DDA9414DF06E300656874 /* Debug */ = {
			isa = XCBuildConfiguration;
			buildSettings = {
				ALWAYS_SEARCH_USER_PATHS = NO;
				ARCHS = "$(ARCHS_STANDARD_64_BIT)";
				CLANG_ENABLE_OBJC_ARC = "";
				COPY_PHASE_STRIP = NO;
				GCC_C_LANGUAGE_STANDARD = gnu99;
				GCC_DYNAMIC_NO_PIC = NO;
				GCC_ENABLE_OBJC_EXCEPTIONS = YES;
				GCC_ENABLE_OBJC_GC = unsupported;
				GCC_OPTIMIZATION_LEVEL = 0;
				GCC_PREPROCESSOR_DEFINITIONS = (
					"DEBUG=1",
					"$(inherited)",
				);
				GCC_SYMBOLS_PRIVATE_EXTERN = NO;
				GCC_VERSION = com.apple.compilers.llvm.clang.1_0;
				GCC_WARN_64_TO_32_BIT_CONVERSION = YES;
				GCC_WARN_ABOUT_MISSING_PROTOTYPES = YES;
				GCC_WARN_ABOUT_RETURN_TYPE = YES;
				GCC_WARN_UNUSED_VARIABLE = YES;
				HEADER_SEARCH_PATHS = "$(HEADER_SEARCH_PATHS)";
				MACOSX_DEPLOYMENT_TARGET = 10.7;
				ONLY_ACTIVE_ARCH = YES;
				OTHER_LDFLAGS = (
					"$(OTHER_LDFLAGS)",
					"$(SFML_SYSTEM)",
					"$(SFML_WINDOW)",
					"$(SFML_GRAPHICS)",
					"$(SFML_AUDIO)",
					"$(SFML_NETWORK)",
				);
				PRODUCT_NAME = "$(TARGET_NAME)";
				SDKROOT = macosx;
				SFML_AUDIO = "$(SFML_LINK_PREFIX)sfml-audio$(SFML_LINK_SUFFIX)";
				SFML_GRAPHICS = "$(SFML_LINK_PREFIX)sfml-graphics$(SFML_LINK_SUFFIX)";
				SFML_LINK_DYLIBS_PREFIX = "-l";
				SFML_LINK_DYLIBS_SUFFIX = "-d";
				SFML_LINK_FRAMEWORKS_PREFIX = "-framework ";
				SFML_LINK_FRAMEWORKS_SUFFIX = "";
				SFML_LINK_PREFIX = "$(SFML_LINK_FRAMEWORKS_PREFIX)";
				SFML_LINK_SUFFIX = "$(SFML_LINK_FRAMEWORKS_SUFFIX)";
				SFML_NETWORK = "";
				SFML_SYSTEM = "$(SFML_LINK_PREFIX)sfml-system$(SFML_LINK_SUFFIX)";
				SFML_WINDOW = "$(SFML_LINK_PREFIX)sfml-window$(SFML_LINK_SUFFIX)";
			};
			name = Debug;
		};
		273DDA9514DF06E300656874 /* Release */ = {
			isa = XCBuildConfiguration;
			buildSettings = {
				ALWAYS_SEARCH_USER_PATHS = NO;
				ARCHS = "$(ARCHS_STANDARD_64_BIT)";
				CLANG_ENABLE_OBJC_ARC = "";
				COPY_PHASE_STRIP = YES;
				DEBUG_INFORMATION_FORMAT = "dwarf-with-dsym";
				GCC_C_LANGUAGE_STANDARD = gnu99;
				GCC_ENABLE_OBJC_EXCEPTIONS = YES;
				GCC_ENABLE_OBJC_GC = unsupported;
				GCC_VERSION = com.apple.compilers.llvm.clang.1_0;
				GCC_WARN_64_TO_32_BIT_CONVERSION = YES;
				GCC_WARN_ABOUT_MISSING_PROTOTYPES = YES;
				GCC_WARN_ABOUT_RETURN_TYPE = YES;
				GCC_WARN_UNUSED_VARIABLE = YES;
				HEADER_SEARCH_PATHS = "$(HEADER_SEARCH_PATHS)";
				MACOSX_DEPLOYMENT_TARGET = 10.7;
				OTHER_LDFLAGS = (
					"$(OTHER_LDFLAGS)",
					"$(SFML_SYSTEM)",
					"$(SFML_WINDOW)",
					"$(SFML_GRAPHICS)",
					"$(SFML_AUDIO)",
					"$(SFML_NETWORK)",
				);
				PRODUCT_NAME = "$(TARGET_NAME)";
				SDKROOT = macosx;
				SFML_AUDIO = "$(SFML_LINK_PREFIX)sfml-audio$(SFML_LINK_SUFFIX)";
				SFML_GRAPHICS = "$(SFML_LINK_PREFIX)sfml-graphics$(SFML_LINK_SUFFIX)";
				SFML_LINK_DYLIBS_PREFIX = "-l";
				SFML_LINK_DYLIBS_SUFFIX = "";
				SFML_LINK_FRAMEWORKS_PREFIX = "-framework ";
				SFML_LINK_FRAMEWORKS_SUFFIX = "";
				SFML_LINK_PREFIX = "$(SFML_LINK_FRAMEWORKS_PREFIX)";
				SFML_LINK_SUFFIX = "$(SFML_LINK_FRAMEWORKS_SUFFIX)";
				SFML_NETWORK = "";
				SFML_SYSTEM = "$(SFML_LINK_PREFIX)sfml-system$(SFML_LINK_SUFFIX)";
				SFML_WINDOW = "$(SFML_LINK_PREFIX)sfml-window$(SFML_LINK_SUFFIX)";
			};
			name = Release;
		};
		273DDA9714DF06E300656874 /* Debug */ = {
			isa = XCBuildConfiguration;
			buildSettings = {
				ARCHS = "$(ARCHS_STANDARD_64_BIT)";
				COPY_PHASE_STRIP = NO;
				GCC_DYNAMIC_NO_PIC = NO;
				GCC_PRECOMPILE_PREFIX_HEADER = NO;
				GCC_PREFIX_HEADER = "";
				"GCC_PREPROCESSOR_DEFINITIONS[arch=*]" = USING_OBJ_C;
				INFOPLIST_FILE = "Editor/Editor-Info.plist";
				PRODUCT_NAME = "$(TARGET_NAME)";
				WRAPPER_EXTENSION = app;
			};
			name = Debug;
		};
		273DDA9814DF06E300656874 /* Release */ = {
			isa = XCBuildConfiguration;
			buildSettings = {
				ARCHS = "$(ARCHS_STANDARD_64_BIT)";
				COPY_PHASE_STRIP = YES;
				GCC_PRECOMPILE_PREFIX_HEADER = NO;
				GCC_PREFIX_HEADER = "";
				"GCC_PREPROCESSOR_DEFINITIONS[arch=*]" = USING_OBJ_C;
				INFOPLIST_FILE = "Editor/Editor-Info.plist";
				PRODUCT_NAME = "$(TARGET_NAME)";
				WRAPPER_EXTENSION = app;
			};
			name = Release;
		};
/* End XCBuildConfiguration section */

/* Begin XCConfigurationList section */
		273DDA7514DF06E300656874 /* Build configuration list for PBXProject "Editor" */ = {
			isa = XCConfigurationList;
			buildConfigurations = (
				273DDA9414DF06E300656874 /* Debug */,
				273DDA9514DF06E300656874 /* Release */,
			);
			defaultConfigurationIsVisible = 0;
			defaultConfigurationName = Release;
		};
		273DDA9614DF06E300656874 /* Build configuration list for PBXNativeTarget "Editor" */ = {
			isa = XCConfigurationList;
			buildConfigurations = (
				273DDA9714DF06E300656874 /* Debug */,
				273DDA9814DF06E300656874 /* Release */,
			);
			defaultConfigurationIsVisible = 0;
			defaultConfigurationName = Release;
		};
/* End XCConfigurationList section */
	};
	rootObject = 273DDA7214DF06E300656874 /* Project object */;
}
